
Microsoft Visual Studio Solution File, Format Version 12.00
# Visual Studio Version 17
VisualStudioVersion = 17.5.33530.505
MinimumVisualStudioVersion = 10.0.40219.1
Project("{9A19103F-16F7-4668-BE54-9A1E7A4F7556}") = "IMS.WebApp", "IMS.WebApp\IMS.WebApp.csproj", "{0251B2E6-1344-41CA-B32C-A6D26E804EE4}"
EndProject
Project("{9A19103F-16F7-4668-BE54-9A1E7A4F7556}") = "IMS.UseCases", "IMS.UseCases\IMS.UseCases.csproj", "{C535B76A-0F8F-46A7-BAB7-D8B1BB05D481}"
EndProject
Project("{9A19103F-16F7-4668-BE54-9A1E7A4F7556}") = "IMS.CoreBusiness", "IMS.CoreBusiness\IMS.CoreBusiness.csproj", "{F05B0705-5370-413C-96E8-B7582BCAD5B8}"
EndProject
Project("{2150E333-8FDC-42A3-9474-1A3956D46DE8}") = "IMS.Plugins", "IMS.Plugins", "{A8B3D14D-2A27-49BC-A2B1-396A26EB44E8}"
EndProject
Project("{9A19103F-16F7-4668-BE54-9A1E7A4F7556}") = "IMS.Plugins.InMemory", "IMS.Plugins.InMemory\IMS.Plugins.InMemory.csproj", "{9B139649-9373-4CA6-9E7C-E6D478536E40}"
EndProject
Project("{FAE04EC0-301F-11D3-BF4B-00C04F79EFBC}") = "IMS.Plugins.EFCoreSqlServer", "IMS.Plugins\IMS.Plugins.EFCoreSqlServer\IMS.Plugins.EFCoreSqlServer.csproj", "{8474A138-822E-4910-BB2A-B051CA02EDA9}"
EndProject
Global
	GlobalSection(SolutionConfigurationPlatforms) = preSolution
		Debug|Any CPU = Debug|Any CPU
		Release|Any CPU = Release|Any CPU
	EndGlobalSection
	GlobalSection(ProjectConfigurationPlatforms) = postSolution
		{0251B2E6-1344-41CA-B32C-A6D26E804EE4}.Debug|Any CPU.ActiveCfg = Debug|Any CPU
		{0251B2E6-1344-41CA-B32C-A6D26E804EE4}.Debug|Any CPU.Build.0 = Debug|Any CPU
		{0251B2E6-1344-41CA-B32C-A6D26E804EE4}.Release|Any CPU.ActiveCfg = Release|Any CPU
		{0251B2E6-1344-41CA-B32C-A6D26E804EE4}.Release|Any CPU.Build.0 = Release|Any CPU
		{C535B76A-0F8F-46A7-BAB7-D8B1BB05D481}.Debug|Any CPU.ActiveCfg = Debug|Any CPU
		{C535B76A-0F8F-46A7-BAB7-D8B1BB05D481}.Debug|Any CPU.Build.0 = Debug|Any CPU
		{C535B76A-0F8F-46A7-BAB7-D8B1BB05D481}.Release|Any CPU.ActiveCfg = Release|Any CPU
		{C535B76A-0F8F-46A7-BAB7-D8B1BB05D481}.Release|Any CPU.Build.0 = Release|Any CPU
		{F05B0705-5370-413C-96E8-B7582BCAD5B8}.Debug|Any CPU.ActiveCfg = Debug|Any CPU
		{F05B0705-5370-413C-96E8-B7582BCAD5B8}.Debug|Any CPU.Build.0 = Debug|Any CPU
		{F05B0705-5370-413C-96E8-B7582BCAD5B8}.Release|Any CPU.ActiveCfg = Release|Any CPU
		{F05B0705-5370-413C-96E8-B7582BCAD5B8}.Release|Any CPU.Build.0 = Release|Any CPU
		{9B139649-9373-4CA6-9E7C-E6D478536E40}.Debug|Any CPU.ActiveCfg = Debug|Any CPU
		{9B139649-9373-4CA6-9E7C-E6D478536E40}.Debug|Any CPU.Build.0 = Debug|Any CPU
		{9B139649-9373-4CA6-9E7C-E6D478536E40}.Release|Any CPU.ActiveCfg = Release|Any CPU
		{9B139649-9373-4CA6-9E7C-E6D478536E40}.Release|Any CPU.Build.0 = Release|Any CPU
		{8474A138-822E-4910-BB2A-B051CA02EDA9}.Debug|Any CPU.ActiveCfg = Debug|Any CPU
		{8474A138-822E-4910-BB2A-B051CA02EDA9}.Debug|Any CPU.Build.0 = Debug|Any CPU
		{8474A138-822E-4910-BB2A-B051CA02EDA9}.Release|Any CPU.ActiveCfg = Release|Any CPU
		{8474A138-822E-4910-BB2A-B051CA02EDA9}.Release|Any CPU.Build.0 = Release|Any CPU
	EndGlobalSection
	GlobalSection(SolutionProperties) = preSolution
		HideSolutionNode = FALSE
	EndGlobalSection
	GlobalSection(NestedProjects) = preSolution
		{9B139649-9373-4CA6-9E7C-E6D478536E40} = {A8B3D14D-2A27-49BC-A2B1-396A26EB44E8}
		{8474A138-822E-4910-BB2A-B051CA02EDA9} = {A8B3D14D-2A27-49BC-A2B1-396A26EB44E8}
	EndGlobalSection
	GlobalSection(ExtensibilityGlobals) = postSolution
		SolutionGuid = {727880E5-8C90-4BAA-B528-D38223A00E7F}
	EndGlobalSection
EndGlobal
